
Microsoft Visual Studio Solution File, Format Version 12.00
# Visual Studio Version 17
VisualStudioVersion = 17.7.34024.191
MinimumVisualStudioVersion = 10.0.40219.1
Project("{FAE04EC0-301F-11D3-BF4B-00C04F79EFBC}") = "Mvc", "BankingProject\Mvc.csproj", "{F2FAB506-699A-4B96-B471-0F7BEADABC0B}"
EndProject
Project("{FAE04EC0-301F-11D3-BF4B-00C04F79EFBC}") = "Api1", "Api1\Api1.csproj", "{B01B8C1A-5804-4107-8AD1-EC161C6FAC4A}"
EndProject
Project("{FAE04EC0-301F-11D3-BF4B-00C04F79EFBC}") = "SharedModels", "SharedModels\SharedModels.csproj", "{540B979F-60FD-4C28-AA68-3FFBB47A3819}"
EndProject
Global
	GlobalSection(SolutionConfigurationPlatforms) = preSolution
		Debug|Any CPU = Debug|Any CPU
		Release|Any CPU = Release|Any CPU
	EndGlobalSection
	GlobalSection(ProjectConfigurationPlatforms) = postSolution
		{F2FAB506-699A-4B96-B471-0F7BEADABC0B}.Debug|Any CPU.ActiveCfg = Debug|Any CPU
		{F2FAB506-699A-4B96-B471-0F7BEADABC0B}.Debug|Any CPU.Build.0 = Debug|Any CPU
		{F2FAB506-699A-4B96-B471-0F7BEADABC0B}.Release|Any CPU.ActiveCfg = Release|Any CPU
		{F2FAB506-699A-4B96-B471-0F7BEADABC0B}.Release|Any CPU.Build.0 = Release|Any CPU
		{B01B8C1A-5804-4107-8AD1-EC161C6FAC4A}.Debug|Any CPU.ActiveCfg = Debug|Any CPU
		{B01B8C1A-5804-4107-8AD1-EC161C6FAC4A}.Debug|Any CPU.Build.0 = Debug|Any CPU
		{B01B8C1A-5804-4107-8AD1-EC161C6FAC4A}.Release|Any CPU.ActiveCfg = Release|Any CPU
		{B01B8C1A-5804-4107-8AD1-EC161C6FAC4A}.Release|Any CPU.Build.0 = Release|Any CPU
		{540B979F-60FD-4C28-AA68-3FFBB47A3819}.Debug|Any CPU.ActiveCfg = Debug|Any CPU
		{540B979F-60FD-4C28-AA68-3FFBB47A3819}.Debug|Any CPU.Build.0 = Debug|Any CPU
		{540B979F-60FD-4C28-AA68-3FFBB47A3819}.Release|Any CPU.ActiveCfg = Release|Any CPU
		{540B979F-60FD-4C28-AA68-3FFBB47A3819}.Release|Any CPU.Build.0 = Release|Any CPU
	EndGlobalSection
	GlobalSection(SolutionProperties) = preSolution
		HideSolutionNode = FALSE
	EndGlobalSection
	GlobalSection(ExtensibilityGlobals) = postSolution
		SolutionGuid = {1D591A0E-88BD-473C-B9CD-6103213D8816}
	EndGlobalSection
EndGlobal
